{
  "name": "regex-visualisation-thesis",
  "version": "0.0.1",
  "lockfileVersion": 3,
  "requires": true,
  "packages": {
    "": {
      "name": "regex-visualisation-thesis",
      "version": "0.0.1",
      "license": "ISC",
      "dependencies": {
        "@kundros/regex-visualisation": "file:./libraries/regex-visualisation/dist",
        "@kundros/regexer": "file:./libraries/regexer/dist"
      },
      "devDependencies": {
        "typescript": "^5.2.2"
      }
    },
    "libraries/regex-visualisation/dist": {},
    "libraries/regexer/dist": {},
    "node_modules/@kundros/regex-visualisation": {
      "resolved": "libraries/regex-visualisation/dist",
      "link": true
    },
    "node_modules/@kundros/regexer": {
      "resolved": "libraries/regexer/dist",
      "link": true
    },
    "node_modules/typescript": {
      "version": "5.2.2",
      "resolved": "https://registry.npmjs.org/typescript/-/typescript-5.2.2.tgz",
      "integrity": "sha512-mI4WrpHsbCIcwT9cF4FZvr80QUeKvsUsUvKDoR+X/7XHQH98xYD8YHZg7ANtz2GtZt/CBq2QJ0thkGJMHfqc1w==",
      "dev": true,
      "bin": {
        "tsc": "bin/tsc",
        "tsserver": "bin/tsserver"
      },
      "engines": {
        "node": ">=14.17"
      }
    }
  }
}
